
Microsoft Visual Studio Solution File, Format Version 12.00
# Visual Studio Version 17
VisualStudioVersion = 17.4.33403.182
MinimumVisualStudioVersion = 10.0.40219.1
Project("{FAE04EC0-301F-11D3-BF4B-00C04F79EFBC}") = "PersonalSiteConversion", "PersonalSiteConversion\PersonalSiteConversion.csproj", "{F3BB2A76-EEA6-47C1-BCF4-AC5AF18FCC39}"
EndProject
Global
	GlobalSection(SolutionConfigurationPlatforms) = preSolution
		Debug|Any CPU = Debug|Any CPU
		Release|Any CPU = Release|Any CPU
	EndGlobalSection
	GlobalSection(ProjectConfigurationPlatforms) = postSolution
		{F3BB2A76-EEA6-47C1-BCF4-AC5AF18FCC39}.Debug|Any CPU.ActiveCfg = Debug|Any CPU
		{F3BB2A76-EEA6-47C1-BCF4-AC5AF18FCC39}.Debug|Any CPU.Build.0 = Debug|Any CPU
		{F3BB2A76-EEA6-47C1-BCF4-AC5AF18FCC39}.Release|Any CPU.ActiveCfg = Release|Any CPU
		{F3BB2A76-EEA6-47C1-BCF4-AC5AF18FCC39}.Release|Any CPU.Build.0 = Release|Any CPU
	EndGlobalSection
	GlobalSection(SolutionProperties) = preSolution
		HideSolutionNode = FALSE
	EndGlobalSection
	GlobalSection(ExtensibilityGlobals) = postSolution
		SolutionGuid = {622CBFF9-E45A-4A4F-BC5A-7F54FEFBA878}
	EndGlobalSection
EndGlobal
